// !$*UTF8*$!
{
	archiveVersion = 1;
	classes = {
	};
	objectVersion = 50;
	objects = {

/* Begin PBXBuildFile section */
		AA4A91D62084FE4800CA739F /* main.m in Sources */ = {isa = PBXBuildFile; fileRef = AA4A91D52084FE4800CA739F /* main.m */; };
		AA4A91DE2084FEBE00CA739F /* Cliente.m in Sources */ = {isa = PBXBuildFile; fileRef = AA4A91DD2084FEBE00CA739F /* Cliente.m */; };
		AA4A91E12084FF7100CA739F /* Persona.m in Sources */ = {isa = PBXBuildFile; fileRef = AA4A91E02084FF7100CA739F /* Persona.m */; };
/* End PBXBuildFile section */

/* Begin PBXCopyFilesBuildPhase section */
		AA4A91D02084FE4800CA739F /* CopyFiles */ = {
			isa = PBXCopyFilesBuildPhase;
			buildActionMask = 2147483647;
			dstPath = /usr/share/man/man1/;
			dstSubfolderSpec = 0;
			files = (
			);
			runOnlyForDeploymentPostprocessing = 1;
		};
/* End PBXCopyFilesBuildPhase section */

/* Begin PBXFileReference section */
		AA4A91D22084FE4800CA739F /* Propiedades3 */ = {isa = PBXFileReference; explicitFileType = "compiled.mach-o.executable"; includeInIndex = 0; path = Propiedades3; sourceTree = BUILT_PRODUCTS_DIR; };
		AA4A91D52084FE4800CA739F /* main.m */ = {isa = PBXFileReference; lastKnownFileType = sourcecode.c.objc; path = main.m; sourceTree = "<group>"; };
		AA4A91DC2084FEBE00CA739F /* Cliente.h */ = {isa = PBXFileReference; lastKnownFileType = sourcecode.c.h; path = Cliente.h; sourceTree = "<group>"; };
		AA4A91DD2084FEBE00CA739F /* Cliente.m */ = {isa = PBXFileReference; lastKnownFileType = sourcecode.c.objc; path = Cliente.m; sourceTree = "<group>"; };
		AA4A91DF2084FF7100CA739F /* Persona.h */ = {isa = PBXFileReference; lastKnownFileType = sourcecode.c.h; path = Persona.h; sourceTree = "<group>"; };
		AA4A91E02084FF7100CA739F /* Persona.m */ = {isa = PBXFileReference; lastKnownFileType = sourcecode.c.objc; path = Persona.m; sourceTree = "<group>"; };
/* End PBXFileReference section */

/* Begin PBXFrameworksBuildPhase section */
		AA4A91CF2084FE4800CA739F /* Frameworks */ = {
			isa = PBXFrameworksBuildPhase;
			buildActionMask = 2147483647;
			files = (
			);
			runOnlyForDeploymentPostprocessing = 0;
		};
/* End PBXFrameworksBuildPhase section */

/* Begin PBXGroup section */
		AA4A91C92084FE4800CA739F = {
			isa = PBXGroup;
			children = (
				AA4A91D42084FE4800CA739F /* Propiedades3 */,
				AA4A91D32084FE4800CA739F /* Products */,
			);
			sourceTree = "<group>";
		};
		AA4A91D32084FE4800CA739F /* Products */ = {
			isa = PBXGroup;
			children = (
				AA4A91D22084FE4800CA739F /* Propiedades3 */,
			);
			name = Products;
			sourceTree = "<group>";
		};
		AA4A91D42084FE4800CA739F /* Propiedades3 */ = {
			isa = PBXGroup;
			children = (
				AA4A91D52084FE4800CA739F /* main.m */,
				AA4A91DC2084FEBE00CA739F /* Cliente.h */,
				AA4A91DD2084FEBE00CA739F /* Cliente.m */,
				AA4A91DF2084FF7100CA739F /* Persona.h */,
				AA4A91E02084FF7100CA739F /* Persona.m */,
			);
			path = Propiedades3;
			sourceTree = "<group>";
		};
/* End PBXGroup section */

/* Begin PBXNativeTarget section */
		AA4A91D12084FE4800CA739F /* Propiedades3 */ = {
			isa = PBXNativeTarget;
			buildConfigurationList = AA4A91D92084FE4800CA739F /* Build configuration list for PBXNativeTarget "Propiedades3" */;
			buildPhases = (
				AA4A91CE2084FE4800CA739F /* Sources */,
				AA4A91CF2084FE4800CA739F /* Frameworks */,
				AA4A91D02084FE4800CA739F /* CopyFiles */,
			);
			buildRules = (
			);
			dependencies = (
			);
			name = Propiedades3;
			productName = Propiedades3;
			productReference = AA4A91D22084FE4800CA739F /* Propiedades3 */;
			productType = "com.apple.product-type.tool";
		};
/* End PBXNativeTarget section */

/* Begin PBXProject section */
		AA4A91CA2084FE4800CA739F /* Project object */ = {
			isa = PBXProject;
			attributes = {
				LastUpgradeCheck = 0930;
				ORGANIZATIONNAME = user138066;
				TargetAttributes = {
					AA4A91D12084FE4800CA739F = {
						CreatedOnToolsVersion = 9.3;
					};
				};
			};
			buildConfigurationList = AA4A91CD2084FE4800CA739F /* Build configuration list for PBXProject "Propiedades3" */;
			compatibilityVersion = "Xcode 9.3";
			developmentRegion = en;
			hasScannedForEncodings = 0;
			knownRegions = (
				en,
			);
			mainGroup = AA4A91C92084FE4800CA739F;
			productRefGroup = AA4A91D32084FE4800CA739F /* Products */;
			projectDirPath = "";
			projectRoot = "";
			targets = (
				AA4A91D12084FE4800CA739F /* Propiedades3 */,
			);
		};
/* End PBXProject section */

/* Begin PBXSourcesBuildPhase section */
		AA4A91CE2084FE4800CA739F /* Sources */ = {
			isa = PBXSourcesBuildPhase;
			buildActionMask = 2147483647;
			files = (
				AA4A91E12084FF7100CA739F /* Persona.m in Sources */,
				AA4A91DE2084FEBE00CA739F /* Cliente.m in Sources */,
				AA4A91D62084FE4800CA739F /* main.m in Sources */,
			);
			runOnlyForDeploymentPostprocessing = 0;
		};
/* End PBXSourcesBuildPhase section */

/* Begin XCBuildConfiguration section */
		AA4A91D72084FE4800CA739F /* Debug */ = {
			isa = XCBuildConfiguration;
			buildSettings = {
				ALWAYS_SEARCH_USER_PATHS = NO;
				CLANG_ANALYZER_NONNULL = YES;
				CLANG_ANALYZER_NUMBER_OBJECT_CONVERSION = YES_AGGRESSIVE;
				CLANG_CXX_LANGUAGE_STANDARD = "gnu++14";
				CLANG_CXX_LIBRARY = "libc++";
				CLANG_ENABLE_MODULES = YES;
				CLANG_ENABLE_OBJC_ARC = YES;
				CLANG_ENABLE_OBJC_WEAK = YES;
				CLANG_WARN_BLOCK_CAPTURE_AUTORELEASING = YES;
				CLANG_WARN_BOOL_CONVERSION = YES;
				CLANG_WARN_COMMA = YES;
				CLANG_WARN_CONSTANT_CONVERSION = YES;
				CLANG_WARN_DEPRECATED_OBJC_IMPLEMENTATIONS = YES;
				CLANG_WARN_DIRECT_OBJC_ISA_USAGE = YES_ERROR;
				CLANG_WARN_DOCUMENTATION_COMMENTS = YES;
				CLANG_WARN_EMPTY_BODY = YES;
				CLANG_WARN_ENUM_CONVERSION = YES;
				CLANG_WARN_INFINITE_RECURSION = YES;
				CLANG_WARN_INT_CONVERSION = YES;
				CLANG_WARN_NON_LITERAL_NULL_CONVERSION = YES;
				CLANG_WARN_OBJC_IMPLICIT_RETAIN_SELF = YES;
				CLANG_WARN_OBJC_LITERAL_CONVERSION = YES;
				CLANG_WARN_OBJC_ROOT_CLASS = YES_ERROR;
				CLANG_WARN_RANGE_LOOP_ANALYSIS = YES;
				CLANG_WARN_STRICT_PROTOTYPES = YES;
				CLANG_WARN_SUSPICIOUS_MOVE = YES;
				CLANG_WARN_UNGUARDED_AVAILABILITY = YES_AGGRESSIVE;
				CLANG_WARN_UNREACHABLE_CODE = YES;
				CLANG_WARN__DUPLICATE_METHOD_MATCH = YES;
				CODE_SIGN_IDENTITY = "-";
				COPY_PHASE_STRIP = NO;
				DEBUG_INFORMATION_FORMAT = dwarf;
				ENABLE_STRICT_OBJC_MSGSEND = YES;
				ENABLE_TESTABILITY = YES;
				GCC_C_LANGUAGE_STANDARD = gnu11;
				GCC_DYNAMIC_NO_PIC = NO;
				GCC_NO_COMMON_BLOCKS = YES;
				GCC_OPTIMIZATION_LEVEL = 0;
				GCC_PREPROCESSOR_DEFINITIONS = (
					"DEBUG=1",
					"$(inherited)",
				);
				GCC_WARN_64_TO_32_BIT_CONVERSION = YES;
				GCC_WARN_ABOUT_RETURN_TYPE = YES_ERROR;
				GCC_WARN_UNDECLARED_SELECTOR = YES;
				GCC_WARN_UNINITIALIZED_AUTOS = YES_AGGRESSIVE;
				GCC_WARN_UNUSED_FUNCTION = YES;
				GCC_WARN_UNUSED_VARIABLE = YES;
				MACOSX_DEPLOYMENT_TARGET = 10.13;
				MTL_ENABLE_DEBUG_INFO = YES;
				ONLY_ACTIVE_ARCH = YES;
				SDKROOT = macosx;
			};
			name = Debug;
		};
		AA4A91D82084FE4800CA739F /* Release */ = {
			isa = XCBuildConfiguration;
			buildSettings = {
				ALWAYS_SEARCH_USER_PATHS = NO;
				CLANG_ANALYZER_NONNULL = YES;
				CLANG_ANALYZER_NUMBER_OBJECT_CONVERSION = YES_AGGRESSIVE;
				CLANG_CXX_LANGUAGE_STANDARD = "gnu++14";
				CLANG_CXX_LIBRARY = "libc++";
				CLANG_ENABLE_MODULES = YES;
				CLANG_ENABLE_OBJC_ARC = YES;
				CLANG_ENABLE_OBJC_WEAK = YES;
				CLANG_WARN_BLOCK_CAPTURE_AUTORELEASING = YES;
				CLANG_WARN_BOOL_CONVERSION = YES;
				CLANG_WARN_COMMA = YES;
				CLANG_WARN_CONSTANT_CONVERSION = YES;
				CLANG_WARN_DEPRECATED_OBJC_IMPLEMENTATIONS = YES;
				CLANG_WARN_DIRECT_OBJC_ISA_USAGE = YES_ERROR;
				CLANG_WARN_DOCUMENTATION_COMMENTS = YES;
				CLANG_WARN_EMPTY_BODY = YES;
				CLANG_WARN_ENUM_CONVERSION = YES;
				CLANG_WARN_INFINITE_RECURSION = YES;
				CLANG_WARN_INT_CONVERSION = YES;
				CLANG_WARN_NON_LITERAL_NULL_CONVERSION = YES;
				CLANG_WARN_OBJC_IMPLICIT_RETAIN_SELF = YES;
				CLANG_WARN_OBJC_LITERAL_CONVERSION = YES;
				CLANG_WARN_OBJC_ROOT_CLASS = YES_ERROR;
				CLANG_WARN_RANGE_LOOP_ANALYSIS = YES;
				CLANG_WARN_STRICT_PROTOTYPES = YES;
				CLANG_WARN_SUSPICIOUS_MOVE = YES;
				CLANG_WARN_UNGUARDED_AVAILABILITY = YES_AGGRESSIVE;
				CLANG_WARN_UNREACHABLE_CODE = YES;
				CLANG_WARN__DUPLICATE_METHOD_MATCH = YES;
				CODE_SIGN_IDENTITY = "-";
				COPY_PHASE_STRIP = NO;
				DEBUG_INFORMATION_FORMAT = "dwarf-with-dsym";
				ENABLE_NS_ASSERTIONS = NO;
				ENABLE_STRICT_OBJC_MSGSEND = YES;
				GCC_C_LANGUAGE_STANDARD = gnu11;
				GCC_NO_COMMON_BLOCKS = YES;
				GCC_WARN_64_TO_32_BIT_CONVERSION = YES;
				GCC_WARN_ABOUT_RETURN_TYPE = YES_ERROR;
				GCC_WARN_UNDECLARED_SELECTOR = YES;
				GCC_WARN_UNINITIALIZED_AUTOS = YES_AGGRESSIVE;
				GCC_WARN_UNUSED_FUNCTION = YES;
				GCC_WARN_UNUSED_VARIABLE = YES;
				MACOSX_DEPLOYMENT_TARGET = 10.13;
				MTL_ENABLE_DEBUG_INFO = NO;
				SDKROOT = macosx;
			};
			name = Release;
		};
		AA4A91DA2084FE4800CA739F /* Debug */ = {
			isa = XCBuildConfiguration;
			buildSettings = {
				CODE_SIGN_STYLE = Automatic;
				PRODUCT_NAME = "$(TARGET_NAME)";
			};
			name = Debug;
		};
		AA4A91DB2084FE4800CA739F /* Release */ = {
			isa = XCBuildConfiguration;
			buildSettings = {
				CODE_SIGN_STYLE = Automatic;
				PRODUCT_NAME = "$(TARGET_NAME)";
			};
			name = Release;
		};
/* End XCBuildConfiguration section */

/* Begin XCConfigurationList section */
		AA4A91CD2084FE4800CA739F /* Build configuration list for PBXProject "Propiedades3" */ = {
			isa = XCConfigurationList;
			buildConfigurations = (
				AA4A91D72084FE4800CA739F /* Debug */,
				AA4A91D82084FE4800CA739F /* Release */,
			);
			defaultConfigurationIsVisible = 0;
			defaultConfigurationName = Release;
		};
		AA4A91D92084FE4800CA739F /* Build configuration list for PBXNativeTarget "Propiedades3" */ = {
			isa = XCConfigurationList;
			buildConfigurations = (
				AA4A91DA2084FE4800CA739F /* Debug */,
				AA4A91DB2084FE4800CA739F /* Release */,
			);
			defaultConfigurationIsVisible = 0;
			defaultConfigurationName = Release;
		};
/* End XCConfigurationList section */
	};
	rootObject = AA4A91CA2084FE4800CA739F /* Project object */;
}
